
Microsoft Visual Studio Solution File, Format Version 12.00
# Visual Studio 15
VisualStudioVersion = 15.0.27703.2042
MinimumVisualStudioVersion = 10.0.40219.1
Project("{9A19103F-16F7-4668-BE54-9A1E7A4F7556}") = "ClassGrd", "ClassGrd\ClassGrd.csproj", "{CE025742-FDC6-4882-8AD9-3419A7E59699}"
EndProject
Project("{8BC9CEB8-8B4A-11D0-8D11-00A0C91BC942}") = "test", "test\test.vcxproj", "{134D5B4F-0862-4778-B669-81E56A4CBE1C}"
EndProject
Global
	GlobalSection(SolutionConfigurationPlatforms) = preSolution
		Debug|Any CPU = Debug|Any CPU
		Debug|x64 = Debug|x64
		Debug|x86 = Debug|x86
		Release|Any CPU = Release|Any CPU
		Release|x64 = Release|x64
		Release|x86 = Release|x86
	EndGlobalSection
	GlobalSection(ProjectConfigurationPlatforms) = postSolution
		{CE025742-FDC6-4882-8AD9-3419A7E59699}.Debug|Any CPU.ActiveCfg = Debug|Any CPU
		{CE025742-FDC6-4882-8AD9-3419A7E59699}.Debug|Any CPU.Build.0 = Debug|Any CPU
		{CE025742-FDC6-4882-8AD9-3419A7E59699}.Debug|x64.ActiveCfg = Debug|Any CPU
		{CE025742-FDC6-4882-8AD9-3419A7E59699}.Debug|x64.Build.0 = Debug|Any CPU
		{CE025742-FDC6-4882-8AD9-3419A7E59699}.Debug|x86.ActiveCfg = Debug|Any CPU
		{CE025742-FDC6-4882-8AD9-3419A7E59699}.Debug|x86.Build.0 = Debug|Any CPU
		{CE025742-FDC6-4882-8AD9-3419A7E59699}.Release|Any CPU.ActiveCfg = Release|Any CPU
		{CE025742-FDC6-4882-8AD9-3419A7E59699}.Release|Any CPU.Build.0 = Release|Any CPU
		{CE025742-FDC6-4882-8AD9-3419A7E59699}.Release|x64.ActiveCfg = Release|Any CPU
		{CE025742-FDC6-4882-8AD9-3419A7E59699}.Release|x64.Build.0 = Release|Any CPU
		{CE025742-FDC6-4882-8AD9-3419A7E59699}.Release|x86.ActiveCfg = Release|Any CPU
		{CE025742-FDC6-4882-8AD9-3419A7E59699}.Release|x86.Build.0 = Release|Any CPU
		{134D5B4F-0862-4778-B669-81E56A4CBE1C}.Debug|Any CPU.ActiveCfg = Debug|Win32
		{134D5B4F-0862-4778-B669-81E56A4CBE1C}.Debug|x64.ActiveCfg = Debug|x64
		{134D5B4F-0862-4778-B669-81E56A4CBE1C}.Debug|x64.Build.0 = Debug|x64
		{134D5B4F-0862-4778-B669-81E56A4CBE1C}.Debug|x86.ActiveCfg = Debug|Win32
		{134D5B4F-0862-4778-B669-81E56A4CBE1C}.Debug|x86.Build.0 = Debug|Win32
		{134D5B4F-0862-4778-B669-81E56A4CBE1C}.Release|Any CPU.ActiveCfg = Release|Win32
		{134D5B4F-0862-4778-B669-81E56A4CBE1C}.Release|x64.ActiveCfg = Release|x64
		{134D5B4F-0862-4778-B669-81E56A4CBE1C}.Release|x64.Build.0 = Release|x64
		{134D5B4F-0862-4778-B669-81E56A4CBE1C}.Release|x86.ActiveCfg = Release|Win32
		{134D5B4F-0862-4778-B669-81E56A4CBE1C}.Release|x86.Build.0 = Release|Win32
	EndGlobalSection
	GlobalSection(SolutionProperties) = preSolution
		HideSolutionNode = FALSE
	EndGlobalSection
	GlobalSection(ExtensibilityGlobals) = postSolution
		SolutionGuid = {3A2AD75C-3E26-49B0-BBCC-F6DA7BDC74FC}
	EndGlobalSection
EndGlobal
